// !$*UTF8*$!
{
	archiveVersion = 1;
	classes = {
	};
	objectVersion = 56;
	objects = {

/* Begin PBXBuildFile section */
		96606C9C29887BA60045362C /* WordleApp.swift in Sources */ = {isa = PBXBuildFile; fileRef = 96606C9B29887BA60045362C /* WordleApp.swift */; };
		96606C9E29887BA60045362C /* GameView.swift in Sources */ = {isa = PBXBuildFile; fileRef = 96606C9D29887BA60045362C /* GameView.swift */; };
		96606CA029887BA80045362C /* Assets.xcassets in Resources */ = {isa = PBXBuildFile; fileRef = 96606C9F29887BA80045362C /* Assets.xcassets */; };
		96606CA429887BA80045362C /* Preview Assets.xcassets in Resources */ = {isa = PBXBuildFile; fileRef = 96606CA329887BA80045362C /* Preview Assets.xcassets */; };
		96606CAE29887BA90045362C /* WordleTests.swift in Sources */ = {isa = PBXBuildFile; fileRef = 96606CAD29887BA90045362C /* WordleTests.swift */; };
		96606CB829887BA90045362C /* WordleUITests.swift in Sources */ = {isa = PBXBuildFile; fileRef = 96606CB729887BA90045362C /* WordleUITests.swift */; };
		96606CBA29887BA90045362C /* WordleUITestsLaunchTests.swift in Sources */ = {isa = PBXBuildFile; fileRef = 96606CB929887BA90045362C /* WordleUITestsLaunchTests.swift */; };
		96606CC729887C630045362C /* Launch Screen.storyboard in Resources */ = {isa = PBXBuildFile; fileRef = 96606CC629887C630045362C /* Launch Screen.storyboard */; };
		96606D062988BC310045362C /* Color+Extension.swift in Sources */ = {isa = PBXBuildFile; fileRef = 96606D052988BC310045362C /* Color+Extension.swift */; };
		96606D092988BD870045362C /* Guess.swift in Sources */ = {isa = PBXBuildFile; fileRef = 96606D082988BD870045362C /* Guess.swift */; };
		96606D0C2988C0FE0045362C /* GuessView.swift in Sources */ = {isa = PBXBuildFile; fileRef = 96606D0B2988C0FE0045362C /* GuessView.swift */; };
		96606D0F2988CC7C0045362C /* WordleDataModel.swift in Sources */ = {isa = PBXBuildFile; fileRef = 96606D0E2988CC7C0045362C /* WordleDataModel.swift */; };
		96606D112988D5AB0045362C /* Global.swift in Sources */ = {isa = PBXBuildFile; fileRef = 96606D102988D5AB0045362C /* Global.swift */; };
		96BD63802988ED7D000CFCF7 /* LetterButtonView.swift in Sources */ = {isa = PBXBuildFile; fileRef = 96BD637F2988ED7D000CFCF7 /* LetterButtonView.swift */; };
		96BD63822988EFF0000CFCF7 /* KeyboardView.swift in Sources */ = {isa = PBXBuildFile; fileRef = 96BD63812988EFF0000CFCF7 /* KeyboardView.swift */; };
		96BD63862989B7AD000CFCF7 /* Shake.swift in Sources */ = {isa = PBXBuildFile; fileRef = 96BD63852989B7AD000CFCF7 /* Shake.swift */; };
		96BD6388299194BC000CFCF7 /* FlipView.swift in Sources */ = {isa = PBXBuildFile; fileRef = 96BD6387299194BC000CFCF7 /* FlipView.swift */; };
		96BD638C29919F66000CFCF7 /* ToastView.swift in Sources */ = {isa = PBXBuildFile; fileRef = 96BD638B29919F66000CFCF7 /* ToastView.swift */; };
		96BD63902991AB90000CFCF7 /* Statistic.swift in Sources */ = {isa = PBXBuildFile; fileRef = 96BD638F2991AB90000CFCF7 /* Statistic.swift */; };
		96BD63922991B538000CFCF7 /* StatsView.swift in Sources */ = {isa = PBXBuildFile; fileRef = 96BD63912991B538000CFCF7 /* StatsView.swift */; };
		96BD63942992D4E9000CFCF7 /* UIWindow+Extension.swift in Sources */ = {isa = PBXBuildFile; fileRef = 96BD63932992D4E9000CFCF7 /* UIWindow+Extension.swift */; };
		96BD63962992DAFA000CFCF7 /* ColorSchemeManager.swift in Sources */ = {isa = PBXBuildFile; fileRef = 96BD63952992DAF9000CFCF7 /* ColorSchemeManager.swift */; };
		96BD639829930478000CFCF7 /* SettingsView.swift in Sources */ = {isa = PBXBuildFile; fileRef = 96BD639729930478000CFCF7 /* SettingsView.swift */; };
		96BD63A22993456D000CFCF7 /* HelpView.swift in Sources */ = {isa = PBXBuildFile; fileRef = 96BD63A12993456D000CFCF7 /* HelpView.swift */; };
/* End PBXBuildFile section */

/* Begin PBXContainerItemProxy section */
		96606CAA29887BA90045362C /* PBXContainerItemProxy */ = {
			isa = PBXContainerItemProxy;
			containerPortal = 96606C9029887BA60045362C /* Project object */;
			proxyType = 1;
			remoteGlobalIDString = 96606C9729887BA60045362C;
			remoteInfo = Wordle;
		};
		96606CB429887BA90045362C /* PBXContainerItemProxy */ = {
			isa = PBXContainerItemProxy;
			containerPortal = 96606C9029887BA60045362C /* Project object */;
			proxyType = 1;
			remoteGlobalIDString = 96606C9729887BA60045362C;
			remoteInfo = Wordle;
		};
/* End PBXContainerItemProxy section */

/* Begin PBXFileReference section */
		96606C9829887BA60045362C /* Wordle.app */ = {isa = PBXFileReference; explicitFileType = wrapper.application; includeInIndex = 0; path = Wordle.app; sourceTree = BUILT_PRODUCTS_DIR; };
		96606C9B29887BA60045362C /* WordleApp.swift */ = {isa = PBXFileReference; lastKnownFileType = sourcecode.swift; path = WordleApp.swift; sourceTree = "<group>"; };
		96606C9D29887BA60045362C /* GameView.swift */ = {isa = PBXFileReference; lastKnownFileType = sourcecode.swift; path = GameView.swift; sourceTree = "<group>"; };
		96606C9F29887BA80045362C /* Assets.xcassets */ = {isa = PBXFileReference; lastKnownFileType = folder.assetcatalog; path = Assets.xcassets; sourceTree = "<group>"; };
		96606CA129887BA80045362C /* Wordle.entitlements */ = {isa = PBXFileReference; lastKnownFileType = text.plist.entitlements; path = Wordle.entitlements; sourceTree = "<group>"; };
		96606CA329887BA80045362C /* Preview Assets.xcassets */ = {isa = PBXFileReference; lastKnownFileType = folder.assetcatalog; path = "Preview Assets.xcassets"; sourceTree = "<group>"; };
		96606CA929887BA90045362C /* WordleTests.xctest */ = {isa = PBXFileReference; explicitFileType = wrapper.cfbundle; includeInIndex = 0; path = WordleTests.xctest; sourceTree = BUILT_PRODUCTS_DIR; };
		96606CAD29887BA90045362C /* WordleTests.swift */ = {isa = PBXFileReference; lastKnownFileType = sourcecode.swift; path = WordleTests.swift; sourceTree = "<group>"; };
		96606CB329887BA90045362C /* WordleUITests.xctest */ = {isa = PBXFileReference; explicitFileType = wrapper.cfbundle; includeInIndex = 0; path = WordleUITests.xctest; sourceTree = BUILT_PRODUCTS_DIR; };
		96606CB729887BA90045362C /* WordleUITests.swift */ = {isa = PBXFileReference; lastKnownFileType = sourcecode.swift; path = WordleUITests.swift; sourceTree = "<group>"; };
		96606CB929887BA90045362C /* WordleUITestsLaunchTests.swift */ = {isa = PBXFileReference; lastKnownFileType = sourcecode.swift; path = WordleUITestsLaunchTests.swift; sourceTree = "<group>"; };
		96606CC629887C630045362C /* Launch Screen.storyboard */ = {isa = PBXFileReference; lastKnownFileType = file.storyboard; path = "Launch Screen.storyboard"; sourceTree = "<group>"; };
		96606D052988BC310045362C /* Color+Extension.swift */ = {isa = PBXFileReference; lastKnownFileType = sourcecode.swift; path = "Color+Extension.swift"; sourceTree = "<group>"; };
		96606D082988BD870045362C /* Guess.swift */ = {isa = PBXFileReference; lastKnownFileType = sourcecode.swift; path = Guess.swift; sourceTree = "<group>"; };
		96606D0B2988C0FE0045362C /* GuessView.swift */ = {isa = PBXFileReference; lastKnownFileType = sourcecode.swift; path = GuessView.swift; sourceTree = "<group>"; };
		96606D0E2988CC7C0045362C /* WordleDataModel.swift */ = {isa = PBXFileReference; lastKnownFileType = sourcecode.swift; path = WordleDataModel.swift; sourceTree = "<group>"; };
		96606D102988D5AB0045362C /* Global.swift */ = {isa = PBXFileReference; lastKnownFileType = sourcecode.swift; path = Global.swift; sourceTree = "<group>"; };
		96BD637F2988ED7D000CFCF7 /* LetterButtonView.swift */ = {isa = PBXFileReference; lastKnownFileType = sourcecode.swift; path = LetterButtonView.swift; sourceTree = "<group>"; };
		96BD63812988EFF0000CFCF7 /* KeyboardView.swift */ = {isa = PBXFileReference; lastKnownFileType = sourcecode.swift; path = KeyboardView.swift; sourceTree = "<group>"; };
		96BD63852989B7AD000CFCF7 /* Shake.swift */ = {isa = PBXFileReference; lastKnownFileType = sourcecode.swift; path = Shake.swift; sourceTree = "<group>"; };
		96BD6387299194BC000CFCF7 /* FlipView.swift */ = {isa = PBXFileReference; lastKnownFileType = sourcecode.swift; path = FlipView.swift; sourceTree = "<group>"; };
		96BD638B29919F66000CFCF7 /* ToastView.swift */ = {isa = PBXFileReference; lastKnownFileType = sourcecode.swift; path = ToastView.swift; sourceTree = "<group>"; };
		96BD638F2991AB90000CFCF7 /* Statistic.swift */ = {isa = PBXFileReference; lastKnownFileType = sourcecode.swift; path = Statistic.swift; sourceTree = "<group>"; };
		96BD63912991B538000CFCF7 /* StatsView.swift */ = {isa = PBXFileReference; lastKnownFileType = sourcecode.swift; path = StatsView.swift; sourceTree = "<group>"; };
		96BD63932992D4E9000CFCF7 /* UIWindow+Extension.swift */ = {isa = PBXFileReference; lastKnownFileType = sourcecode.swift; path = "UIWindow+Extension.swift"; sourceTree = "<group>"; };
		96BD63952992DAF9000CFCF7 /* ColorSchemeManager.swift */ = {isa = PBXFileReference; lastKnownFileType = sourcecode.swift; path = ColorSchemeManager.swift; sourceTree = "<group>"; };
		96BD639729930478000CFCF7 /* SettingsView.swift */ = {isa = PBXFileReference; lastKnownFileType = sourcecode.swift; path = SettingsView.swift; sourceTree = "<group>"; };
		96BD63A12993456D000CFCF7 /* HelpView.swift */ = {isa = PBXFileReference; lastKnownFileType = sourcecode.swift; path = HelpView.swift; sourceTree = "<group>"; };
/* End PBXFileReference section */

/* Begin PBXFrameworksBuildPhase section */
		96606C9529887BA60045362C /* Frameworks */ = {
			isa = PBXFrameworksBuildPhase;
			buildActionMask = 2147483647;
			files = (
			);
			runOnlyForDeploymentPostprocessing = 0;
		};
		96606CA629887BA90045362C /* Frameworks */ = {
			isa = PBXFrameworksBuildPhase;
			buildActionMask = 2147483647;
			files = (
			);
			runOnlyForDeploymentPostprocessing = 0;
		};
		96606CB029887BA90045362C /* Frameworks */ = {
			isa = PBXFrameworksBuildPhase;
			buildActionMask = 2147483647;
			files = (
			);
			runOnlyForDeploymentPostprocessing = 0;
		};
/* End PBXFrameworksBuildPhase section */

/* Begin PBXGroup section */
		96606C8F29887BA60045362C = {
			isa = PBXGroup;
			children = (
				96606C9A29887BA60045362C /* Wordle */,
				96606CAC29887BA90045362C /* WordleTests */,
				96606CB629887BA90045362C /* WordleUITests */,
				96606C9929887BA60045362C /* Products */,
			);
			sourceTree = "<group>";
		};
		96606C9929887BA60045362C /* Products */ = {
			isa = PBXGroup;
			children = (
				96606C9829887BA60045362C /* Wordle.app */,
				96606CA929887BA90045362C /* WordleTests.xctest */,
				96606CB329887BA90045362C /* WordleUITests.xctest */,
			);
			name = Products;
			sourceTree = "<group>";
		};
		96606C9A29887BA60045362C /* Wordle */ = {
			isa = PBXGroup;
			children = (
				96606C9B29887BA60045362C /* WordleApp.swift */,
				96606D0D2988CC6D0045362C /* ViewModels */,
				96606D072988BD750045362C /* Models */,
				96606D0A2988C0ED0045362C /* Views */,
				96606D042988BC0E0045362C /* Extensions */,
				96BD63842989B78B000CFCF7 /* Animations */,
				96606C9F29887BA80045362C /* Assets.xcassets */,
				96606CC629887C630045362C /* Launch Screen.storyboard */,
				96606CA129887BA80045362C /* Wordle.entitlements */,
				96606CA229887BA80045362C /* Preview Content */,
			);
			path = Wordle;
			sourceTree = "<group>";
		};
		96606CA229887BA80045362C /* Preview Content */ = {
			isa = PBXGroup;
			children = (
				96606CA329887BA80045362C /* Preview Assets.xcassets */,
			);
			path = "Preview Content";
			sourceTree = "<group>";
		};
		96606CAC29887BA90045362C /* WordleTests */ = {
			isa = PBXGroup;
			children = (
				96606CAD29887BA90045362C /* WordleTests.swift */,
			);
			path = WordleTests;
			sourceTree = "<group>";
		};
		96606CB629887BA90045362C /* WordleUITests */ = {
			isa = PBXGroup;
			children = (
				96606CB729887BA90045362C /* WordleUITests.swift */,
				96606CB929887BA90045362C /* WordleUITestsLaunchTests.swift */,
			);
			path = WordleUITests;
			sourceTree = "<group>";
		};
		96606D042988BC0E0045362C /* Extensions */ = {
			isa = PBXGroup;
			children = (
				96606D052988BC310045362C /* Color+Extension.swift */,
				96BD63932992D4E9000CFCF7 /* UIWindow+Extension.swift */,
			);
			path = Extensions;
			sourceTree = "<group>";
		};
		96606D072988BD750045362C /* Models */ = {
			isa = PBXGroup;
			children = (
				96606D082988BD870045362C /* Guess.swift */,
				96606D102988D5AB0045362C /* Global.swift */,
				96BD638F2991AB90000CFCF7 /* Statistic.swift */,
			);
			path = Models;
			sourceTree = "<group>";
		};
		96606D0A2988C0ED0045362C /* Views */ = {
			isa = PBXGroup;
			children = (
				96606C9D29887BA60045362C /* GameView.swift */,
				96606D0B2988C0FE0045362C /* GuessView.swift */,
				96BD637F2988ED7D000CFCF7 /* LetterButtonView.swift */,
				96BD63812988EFF0000CFCF7 /* KeyboardView.swift */,
				96BD638B29919F66000CFCF7 /* ToastView.swift */,
				96BD63912991B538000CFCF7 /* StatsView.swift */,
				96BD639729930478000CFCF7 /* SettingsView.swift */,
				96BD63A12993456D000CFCF7 /* HelpView.swift */,
			);
			path = Views;
			sourceTree = "<group>";
		};
		96606D0D2988CC6D0045362C /* ViewModels */ = {
			isa = PBXGroup;
			children = (
				96606D0E2988CC7C0045362C /* WordleDataModel.swift */,
				96BD63952992DAF9000CFCF7 /* ColorSchemeManager.swift */,
			);
			path = ViewModels;
			sourceTree = "<group>";
		};
		96BD63842989B78B000CFCF7 /* Animations */ = {
			isa = PBXGroup;
			children = (
				96BD63852989B7AD000CFCF7 /* Shake.swift */,
				96BD6387299194BC000CFCF7 /* FlipView.swift */,
			);
			path = Animations;
			sourceTree = "<group>";
		};
/* End PBXGroup section */

/* Begin PBXNativeTarget section */
		96606C9729887BA60045362C /* Wordle */ = {
			isa = PBXNativeTarget;
			buildConfigurationList = 96606CBD29887BA90045362C /* Build configuration list for PBXNativeTarget "Wordle" */;
			buildPhases = (
				96606C9429887BA60045362C /* Sources */,
				96606C9529887BA60045362C /* Frameworks */,
				96606C9629887BA60045362C /* Resources */,
			);
			buildRules = (
			);
			dependencies = (
			);
			name = Wordle;
			productName = Wordle;
			productReference = 96606C9829887BA60045362C /* Wordle.app */;
			productType = "com.apple.product-type.application";
		};
		96606CA829887BA90045362C /* WordleTests */ = {
			isa = PBXNativeTarget;
			buildConfigurationList = 96606CC029887BA90045362C /* Build configuration list for PBXNativeTarget "WordleTests" */;
			buildPhases = (
				96606CA529887BA90045362C /* Sources */,
				96606CA629887BA90045362C /* Frameworks */,
				96606CA729887BA90045362C /* Resources */,
			);
			buildRules = (
			);
			dependencies = (
				96606CAB29887BA90045362C /* PBXTargetDependency */,
			);
			name = WordleTests;
			productName = WordleTests;
			productReference = 96606CA929887BA90045362C /* WordleTests.xctest */;
			productType = "com.apple.product-type.bundle.unit-test";
		};
		96606CB229887BA90045362C /* WordleUITests */ = {
			isa = PBXNativeTarget;
			buildConfigurationList = 96606CC329887BA90045362C /* Build configuration list for PBXNativeTarget "WordleUITests" */;
			buildPhases = (
				96606CAF29887BA90045362C /* Sources */,
				96606CB029887BA90045362C /* Frameworks */,
				96606CB129887BA90045362C /* Resources */,
			);
			buildRules = (
			);
			dependencies = (
				96606CB529887BA90045362C /* PBXTargetDependency */,
			);
			name = WordleUITests;
			productName = WordleUITests;
			productReference = 96606CB329887BA90045362C /* WordleUITests.xctest */;
			productType = "com.apple.product-type.bundle.ui-testing";
		};
/* End PBXNativeTarget section */

/* Begin PBXProject section */
		96606C9029887BA60045362C /* Project object */ = {
			isa = PBXProject;
			attributes = {
				BuildIndependentTargetsInParallel = 1;
				LastSwiftUpdateCheck = 1420;
				LastUpgradeCheck = 1420;
				TargetAttributes = {
					96606C9729887BA60045362C = {
						CreatedOnToolsVersion = 14.2;
					};
					96606CA829887BA90045362C = {
						CreatedOnToolsVersion = 14.2;
						TestTargetID = 96606C9729887BA60045362C;
					};
					96606CB229887BA90045362C = {
						CreatedOnToolsVersion = 14.2;
						TestTargetID = 96606C9729887BA60045362C;
					};
				};
			};
			buildConfigurationList = 96606C9329887BA60045362C /* Build configuration list for PBXProject "Wordle" */;
			compatibilityVersion = "Xcode 14.0";
			developmentRegion = en;
			hasScannedForEncodings = 0;
			knownRegions = (
				en,
				Base,
			);
			mainGroup = 96606C8F29887BA60045362C;
			productRefGroup = 96606C9929887BA60045362C /* Products */;
			projectDirPath = "";
			projectRoot = "";
			targets = (
				96606C9729887BA60045362C /* Wordle */,
				96606CA829887BA90045362C /* WordleTests */,
				96606CB229887BA90045362C /* WordleUITests */,
			);
		};
/* End PBXProject section */

/* Begin PBXResourcesBuildPhase section */
		96606C9629887BA60045362C /* Resources */ = {
			isa = PBXResourcesBuildPhase;
			buildActionMask = 2147483647;
			files = (
				96606CC729887C630045362C /* Launch Screen.storyboard in Resources */,
				96606CA429887BA80045362C /* Preview Assets.xcassets in Resources */,
				96606CA029887BA80045362C /* Assets.xcassets in Resources */,
			);
			runOnlyForDeploymentPostprocessing = 0;
		};
		96606CA729887BA90045362C /* Resources */ = {
			isa = PBXResourcesBuildPhase;
			buildActionMask = 2147483647;
			files = (
			);
			runOnlyForDeploymentPostprocessing = 0;
		};
		96606CB129887BA90045362C /* Resources */ = {
			isa = PBXResourcesBuildPhase;
			buildActionMask = 2147483647;
			files = (
			);
			runOnlyForDeploymentPostprocessing = 0;
		};
/* End PBXResourcesBuildPhase section */

/* Begin PBXSourcesBuildPhase section */
		96606C9429887BA60045362C /* Sources */ = {
			isa = PBXSourcesBuildPhase;
			buildActionMask = 2147483647;
			files = (
				96BD63802988ED7D000CFCF7 /* LetterButtonView.swift in Sources */,
				96BD6388299194BC000CFCF7 /* FlipView.swift in Sources */,
				96BD63962992DAFA000CFCF7 /* ColorSchemeManager.swift in Sources */,
				96606C9E29887BA60045362C /* GameView.swift in Sources */,
				96606D0C2988C0FE0045362C /* GuessView.swift in Sources */,
				96BD639829930478000CFCF7 /* SettingsView.swift in Sources */,
				96BD638C29919F66000CFCF7 /* ToastView.swift in Sources */,
				96BD63822988EFF0000CFCF7 /* KeyboardView.swift in Sources */,
				96606D092988BD870045362C /* Guess.swift in Sources */,
				96606D062988BC310045362C /* Color+Extension.swift in Sources */,
				96BD63862989B7AD000CFCF7 /* Shake.swift in Sources */,
				96606D0F2988CC7C0045362C /* WordleDataModel.swift in Sources */,
				96606C9C29887BA60045362C /* WordleApp.swift in Sources */,
				96BD63A22993456D000CFCF7 /* HelpView.swift in Sources */,
				96BD63942992D4E9000CFCF7 /* UIWindow+Extension.swift in Sources */,
				96606D112988D5AB0045362C /* Global.swift in Sources */,
				96BD63922991B538000CFCF7 /* StatsView.swift in Sources */,
				96BD63902991AB90000CFCF7 /* Statistic.swift in Sources */,
			);
			runOnlyForDeploymentPostprocessing = 0;
		};
		96606CA529887BA90045362C /* Sources */ = {
			isa = PBXSourcesBuildPhase;
			buildActionMask = 2147483647;
			files = (
				96606CAE29887BA90045362C /* WordleTests.swift in Sources */,
			);
			runOnlyForDeploymentPostprocessing = 0;
		};
		96606CAF29887BA90045362C /* Sources */ = {
			isa = PBXSourcesBuildPhase;
			buildActionMask = 2147483647;
			files = (
				96606CB829887BA90045362C /* WordleUITests.swift in Sources */,
				96606CBA29887BA90045362C /* WordleUITestsLaunchTests.swift in Sources */,
			);
			runOnlyForDeploymentPostprocessing = 0;
		};
/* End PBXSourcesBuildPhase section */

/* Begin PBXTargetDependency section */
		96606CAB29887BA90045362C /* PBXTargetDependency */ = {
			isa = PBXTargetDependency;
			target = 96606C9729887BA60045362C /* Wordle */;
			targetProxy = 96606CAA29887BA90045362C /* PBXContainerItemProxy */;
		};
		96606CB529887BA90045362C /* PBXTargetDependency */ = {
			isa = PBXTargetDependency;
			target = 96606C9729887BA60045362C /* Wordle */;
			targetProxy = 96606CB429887BA90045362C /* PBXContainerItemProxy */;
		};
/* End PBXTargetDependency section */

/* Begin XCBuildConfiguration section */
		96606CBB29887BA90045362C /* Debug */ = {
			isa = XCBuildConfiguration;
			buildSettings = {
				ALWAYS_SEARCH_USER_PATHS = NO;
				CLANG_ANALYZER_NONNULL = YES;
				CLANG_ANALYZER_NUMBER_OBJECT_CONVERSION = YES_AGGRESSIVE;
				CLANG_CXX_LANGUAGE_STANDARD = "gnu++20";
				CLANG_ENABLE_MODULES = YES;
				CLANG_ENABLE_OBJC_ARC = YES;
				CLANG_ENABLE_OBJC_WEAK = YES;
				CLANG_WARN_BLOCK_CAPTURE_AUTORELEASING = YES;
				CLANG_WARN_BOOL_CONVERSION = YES;
				CLANG_WARN_COMMA = YES;
				CLANG_WARN_CONSTANT_CONVERSION = YES;
				CLANG_WARN_DEPRECATED_OBJC_IMPLEMENTATIONS = YES;
				CLANG_WARN_DIRECT_OBJC_ISA_USAGE = YES_ERROR;
				CLANG_WARN_DOCUMENTATION_COMMENTS = YES;
				CLANG_WARN_EMPTY_BODY = YES;
				CLANG_WARN_ENUM_CONVERSION = YES;
				CLANG_WARN_INFINITE_RECURSION = YES;
				CLANG_WARN_INT_CONVERSION = YES;
				CLANG_WARN_NON_LITERAL_NULL_CONVERSION = YES;
				CLANG_WARN_OBJC_IMPLICIT_RETAIN_SELF = YES;
				CLANG_WARN_OBJC_LITERAL_CONVERSION = YES;
				CLANG_WARN_OBJC_ROOT_CLASS = YES_ERROR;
				CLANG_WARN_QUOTED_INCLUDE_IN_FRAMEWORK_HEADER = YES;
				CLANG_WARN_RANGE_LOOP_ANALYSIS = YES;
				CLANG_WARN_STRICT_PROTOTYPES = YES;
				CLANG_WARN_SUSPICIOUS_MOVE = YES;
				CLANG_WARN_UNGUARDED_AVAILABILITY = YES_AGGRESSIVE;
				CLANG_WARN_UNREACHABLE_CODE = YES;
				CLANG_WARN__DUPLICATE_METHOD_MATCH = YES;
				COPY_PHASE_STRIP = NO;
				DEBUG_INFORMATION_FORMAT = dwarf;
				ENABLE_STRICT_OBJC_MSGSEND = YES;
				ENABLE_TESTABILITY = YES;
				GCC_C_LANGUAGE_STANDARD = gnu11;
				GCC_DYNAMIC_NO_PIC = NO;
				GCC_NO_COMMON_BLOCKS = YES;
				GCC_OPTIMIZATION_LEVEL = 0;
				GCC_PREPROCESSOR_DEFINITIONS = (
					"DEBUG=1",
					"$(inherited)",
				);
				GCC_WARN_64_TO_32_BIT_CONVERSION = YES;
				GCC_WARN_ABOUT_RETURN_TYPE = YES_ERROR;
				GCC_WARN_UNDECLARED_SELECTOR = YES;
				GCC_WARN_UNINITIALIZED_AUTOS = YES_AGGRESSIVE;
				GCC_WARN_UNUSED_FUNCTION = YES;
				GCC_WARN_UNUSED_VARIABLE = YES;
				MTL_ENABLE_DEBUG_INFO = INCLUDE_SOURCE;
				MTL_FAST_MATH = YES;
				ONLY_ACTIVE_ARCH = YES;
				SWIFT_ACTIVE_COMPILATION_CONDITIONS = DEBUG;
				SWIFT_OPTIMIZATION_LEVEL = "-Onone";
			};
			name = Debug;
		};
		96606CBC29887BA90045362C /* Release */ = {
			isa = XCBuildConfiguration;
			buildSettings = {
				ALWAYS_SEARCH_USER_PATHS = NO;
				CLANG_ANALYZER_NONNULL = YES;
				CLANG_ANALYZER_NUMBER_OBJECT_CONVERSION = YES_AGGRESSIVE;
				CLANG_CXX_LANGUAGE_STANDARD = "gnu++20";
				CLANG_ENABLE_MODULES = YES;
				CLANG_ENABLE_OBJC_ARC = YES;
				CLANG_ENABLE_OBJC_WEAK = YES;
				CLANG_WARN_BLOCK_CAPTURE_AUTORELEASING = YES;
				CLANG_WARN_BOOL_CONVERSION = YES;
				CLANG_WARN_COMMA = YES;
				CLANG_WARN_CONSTANT_CONVERSION = YES;
				CLANG_WARN_DEPRECATED_OBJC_IMPLEMENTATIONS = YES;
				CLANG_WARN_DIRECT_OBJC_ISA_USAGE = YES_ERROR;
				CLANG_WARN_DOCUMENTATION_COMMENTS = YES;
				CLANG_WARN_EMPTY_BODY = YES;
				CLANG_WARN_ENUM_CONVERSION = YES;
				CLANG_WARN_INFINITE_RECURSION = YES;
				CLANG_WARN_INT_CONVERSION = YES;
				CLANG_WARN_NON_LITERAL_NULL_CONVERSION = YES;
				CLANG_WARN_OBJC_IMPLICIT_RETAIN_SELF = YES;
				CLANG_WARN_OBJC_LITERAL_CONVERSION = YES;
				CLANG_WARN_OBJC_ROOT_CLASS = YES_ERROR;
				CLANG_WARN_QUOTED_INCLUDE_IN_FRAMEWORK_HEADER = YES;
				CLANG_WARN_RANGE_LOOP_ANALYSIS = YES;
				CLANG_WARN_STRICT_PROTOTYPES = YES;
				CLANG_WARN_SUSPICIOUS_MOVE = YES;
				CLANG_WARN_UNGUARDED_AVAILABILITY = YES_AGGRESSIVE;
				CLANG_WARN_UNREACHABLE_CODE = YES;
				CLANG_WARN__DUPLICATE_METHOD_MATCH = YES;
				COPY_PHASE_STRIP = NO;
				DEBUG_INFORMATION_FORMAT = "dwarf-with-dsym";
				ENABLE_NS_ASSERTIONS = NO;
				ENABLE_STRICT_OBJC_MSGSEND = YES;
				GCC_C_LANGUAGE_STANDARD = gnu11;
				GCC_NO_COMMON_BLOCKS = YES;
				GCC_WARN_64_TO_32_BIT_CONVERSION = YES;
				GCC_WARN_ABOUT_RETURN_TYPE = YES_ERROR;
				GCC_WARN_UNDECLARED_SELECTOR = YES;
				GCC_WARN_UNINITIALIZED_AUTOS = YES_AGGRESSIVE;
				GCC_WARN_UNUSED_FUNCTION = YES;
				GCC_WARN_UNUSED_VARIABLE = YES;
				MTL_ENABLE_DEBUG_INFO = NO;
				MTL_FAST_MATH = YES;
				SWIFT_COMPILATION_MODE = wholemodule;
				SWIFT_OPTIMIZATION_LEVEL = "-O";
			};
			name = Release;
		};
		96606CBE29887BA90045362C /* Debug */ = {
			isa = XCBuildConfiguration;
			buildSettings = {
				ASSETCATALOG_COMPILER_APPICON_NAME = AppIcon;
				ASSETCATALOG_COMPILER_GLOBAL_ACCENT_COLOR_NAME = AccentColor;
				CODE_SIGN_ENTITLEMENTS = Wordle/Wordle.entitlements;
				CODE_SIGN_STYLE = Automatic;
				CURRENT_PROJECT_VERSION = 1;
				DEVELOPMENT_ASSET_PATHS = "\"Wordle/Preview Content\"";
				DEVELOPMENT_TEAM = DKS3LDDJV5;
				ENABLE_HARDENED_RUNTIME = YES;
				ENABLE_PREVIEWS = YES;
				GENERATE_INFOPLIST_FILE = YES;
				"INFOPLIST_KEY_UIApplicationSceneManifest_Generation[sdk=iphoneos*]" = YES;
				"INFOPLIST_KEY_UIApplicationSceneManifest_Generation[sdk=iphonesimulator*]" = YES;
				"INFOPLIST_KEY_UIApplicationSupportsIndirectInputEvents[sdk=iphoneos*]" = YES;
				"INFOPLIST_KEY_UIApplicationSupportsIndirectInputEvents[sdk=iphonesimulator*]" = YES;
				"INFOPLIST_KEY_UILaunchScreen_Generation[sdk=iphoneos*]" = YES;
				"INFOPLIST_KEY_UILaunchScreen_Generation[sdk=iphonesimulator*]" = YES;
				INFOPLIST_KEY_UILaunchStoryboardName = "Launch Screen.storyboard";
				INFOPLIST_KEY_UIRequiresFullScreen = YES;
				"INFOPLIST_KEY_UIStatusBarStyle[sdk=iphoneos*]" = UIStatusBarStyleDefault;
				"INFOPLIST_KEY_UIStatusBarStyle[sdk=iphonesimulator*]" = UIStatusBarStyleDefault;
				INFOPLIST_KEY_UISupportedInterfaceOrientations_iPad = UIInterfaceOrientationPortrait;
				INFOPLIST_KEY_UISupportedInterfaceOrientations_iPhone = "UIInterfaceOrientationPortrait UIInterfaceOrientationLandscapeLeft UIInterfaceOrientationLandscapeRight";
				IPHONEOS_DEPLOYMENT_TARGET = 16.2;
				LD_RUNPATH_SEARCH_PATHS = "@executable_path/Frameworks";
				"LD_RUNPATH_SEARCH_PATHS[sdk=macosx*]" = "@executable_path/../Frameworks";
				MACOSX_DEPLOYMENT_TARGET = 13.1;
				MARKETING_VERSION = 1.0;
				PRODUCT_BUNDLE_IDENTIFIER = JStark.Wordle;
				PRODUCT_NAME = "$(TARGET_NAME)";
				SDKROOT = auto;
				SUPPORTED_PLATFORMS = "iphoneos iphonesimulator macosx";
				SWIFT_EMIT_LOC_STRINGS = YES;
				SWIFT_VERSION = 5.0;
				TARGETED_DEVICE_FAMILY = "1,2";
			};
			name = Debug;
		};
		96606CBF29887BA90045362C /* Release */ = {
			isa = XCBuildConfiguration;
			buildSettings = {
				ASSETCATALOG_COMPILER_APPICON_NAME = AppIcon;
				ASSETCATALOG_COMPILER_GLOBAL_ACCENT_COLOR_NAME = AccentColor;
				CODE_SIGN_ENTITLEMENTS = Wordle/Wordle.entitlements;
				CODE_SIGN_STYLE = Automatic;
				CURRENT_PROJECT_VERSION = 1;
				DEVELOPMENT_ASSET_PATHS = "\"Wordle/Preview Content\"";
				DEVELOPMENT_TEAM = DKS3LDDJV5;
				ENABLE_HARDENED_RUNTIME = YES;
				ENABLE_PREVIEWS = YES;
				GENERATE_INFOPLIST_FILE = YES;
				"INFOPLIST_KEY_UIApplicationSceneManifest_Generation[sdk=iphoneos*]" = YES;
				"INFOPLIST_KEY_UIApplicationSceneManifest_Generation[sdk=iphonesimulator*]" = YES;
				"INFOPLIST_KEY_UIApplicationSupportsIndirectInputEvents[sdk=iphoneos*]" = YES;
				"INFOPLIST_KEY_UIApplicationSupportsIndirectInputEvents[sdk=iphonesimulator*]" = YES;
				"INFOPLIST_KEY_UILaunchScreen_Generation[sdk=iphoneos*]" = YES;
				"INFOPLIST_KEY_UILaunchScreen_Generation[sdk=iphonesimulator*]" = YES;
				INFOPLIST_KEY_UILaunchStoryboardName = "Launch Screen.storyboard";
				INFOPLIST_KEY_UIRequiresFullScreen = YES;
				"INFOPLIST_KEY_UIStatusBarStyle[sdk=iphoneos*]" = UIStatusBarStyleDefault;
				"INFOPLIST_KEY_UIStatusBarStyle[sdk=iphonesimulator*]" = UIStatusBarStyleDefault;
				INFOPLIST_KEY_UISupportedInterfaceOrientations_iPad = UIInterfaceOrientationPortrait;
				INFOPLIST_KEY_UISupportedInterfaceOrientations_iPhone = "UIInterfaceOrientationPortrait UIInterfaceOrientationLandscapeLeft UIInterfaceOrientationLandscapeRight";
				IPHONEOS_DEPLOYMENT_TARGET = 16.2;
				LD_RUNPATH_SEARCH_PATHS = "@executable_path/Frameworks";
				"LD_RUNPATH_SEARCH_PATHS[sdk=macosx*]" = "@executable_path/../Frameworks";
				MACOSX_DEPLOYMENT_TARGET = 13.1;
				MARKETING_VERSION = 1.0;
				PRODUCT_BUNDLE_IDENTIFIER = JStark.Wordle;
				PRODUCT_NAME = "$(TARGET_NAME)";
				SDKROOT = auto;
				SUPPORTED_PLATFORMS = "iphoneos iphonesimulator macosx";
				SWIFT_EMIT_LOC_STRINGS = YES;
				SWIFT_VERSION = 5.0;
				TARGETED_DEVICE_FAMILY = "1,2";
			};
			name = Release;
		};
		96606CC129887BA90045362C /* Debug */ = {
			isa = XCBuildConfiguration;
			buildSettings = {
				ALWAYS_EMBED_SWIFT_STANDARD_LIBRARIES = YES;
				BUNDLE_LOADER = "$(TEST_HOST)";
				CODE_SIGN_STYLE = Automatic;
				CURRENT_PROJECT_VERSION = 1;
				DEVELOPMENT_TEAM = DKS3LDDJV5;
				GENERATE_INFOPLIST_FILE = YES;
				IPHONEOS_DEPLOYMENT_TARGET = 16.2;
				MACOSX_DEPLOYMENT_TARGET = 13.1;
				MARKETING_VERSION = 1.0;
				PRODUCT_BUNDLE_IDENTIFIER = JStark.WordleTests;
				PRODUCT_NAME = "$(TARGET_NAME)";
				SDKROOT = auto;
				SUPPORTED_PLATFORMS = "iphoneos iphonesimulator macosx";
				SWIFT_EMIT_LOC_STRINGS = NO;
				SWIFT_VERSION = 5.0;
				TARGETED_DEVICE_FAMILY = "1,2";
				TEST_HOST = "$(BUILT_PRODUCTS_DIR)/Wordle.app/$(BUNDLE_EXECUTABLE_FOLDER_PATH)/Wordle";
			};
			name = Debug;
		};
		96606CC229887BA90045362C /* Release */ = {
			isa = XCBuildConfiguration;
			buildSettings = {
				ALWAYS_EMBED_SWIFT_STANDARD_LIBRARIES = YES;
				BUNDLE_LOADER = "$(TEST_HOST)";
				CODE_SIGN_STYLE = Automatic;
				CURRENT_PROJECT_VERSION = 1;
				DEVELOPMENT_TEAM = DKS3LDDJV5;
				GENERATE_INFOPLIST_FILE = YES;
				IPHONEOS_DEPLOYMENT_TARGET = 16.2;
				MACOSX_DEPLOYMENT_TARGET = 13.1;
				MARKETING_VERSION = 1.0;
				PRODUCT_BUNDLE_IDENTIFIER = JStark.WordleTests;
				PRODUCT_NAME = "$(TARGET_NAME)";
				SDKROOT = auto;
				SUPPORTED_PLATFORMS = "iphoneos iphonesimulator macosx";
				SWIFT_EMIT_LOC_STRINGS = NO;
				SWIFT_VERSION = 5.0;
				TARGETED_DEVICE_FAMILY = "1,2";
				TEST_HOST = "$(BUILT_PRODUCTS_DIR)/Wordle.app/$(BUNDLE_EXECUTABLE_FOLDER_PATH)/Wordle";
			};
			name = Release;
		};
		96606CC429887BA90045362C /* Debug */ = {
			isa = XCBuildConfiguration;
			buildSettings = {
				ALWAYS_EMBED_SWIFT_STANDARD_LIBRARIES = YES;
				CODE_SIGN_STYLE = Automatic;
				CURRENT_PROJECT_VERSION = 1;
				DEVELOPMENT_TEAM = DKS3LDDJV5;
				GENERATE_INFOPLIST_FILE = YES;
				IPHONEOS_DEPLOYMENT_TARGET = 16.2;
				MACOSX_DEPLOYMENT_TARGET = 13.1;
				MARKETING_VERSION = 1.0;
				PRODUCT_BUNDLE_IDENTIFIER = JStark.WordleUITests;
				PRODUCT_NAME = "$(TARGET_NAME)";
				SDKROOT = auto;
				SUPPORTED_PLATFORMS = "iphoneos iphonesimulator macosx";
				SWIFT_EMIT_LOC_STRINGS = NO;
				SWIFT_VERSION = 5.0;
				TARGETED_DEVICE_FAMILY = "1,2";
				TEST_TARGET_NAME = Wordle;
			};
			name = Debug;
		};
		96606CC529887BA90045362C /* Release */ = {
			isa = XCBuildConfiguration;
			buildSettings = {
				ALWAYS_EMBED_SWIFT_STANDARD_LIBRARIES = YES;
				CODE_SIGN_STYLE = Automatic;
				CURRENT_PROJECT_VERSION = 1;
				DEVELOPMENT_TEAM = DKS3LDDJV5;
				GENERATE_INFOPLIST_FILE = YES;
				IPHONEOS_DEPLOYMENT_TARGET = 16.2;
				MACOSX_DEPLOYMENT_TARGET = 13.1;
				MARKETING_VERSION = 1.0;
				PRODUCT_BUNDLE_IDENTIFIER = JStark.WordleUITests;
				PRODUCT_NAME = "$(TARGET_NAME)";
				SDKROOT = auto;
				SUPPORTED_PLATFORMS = "iphoneos iphonesimulator macosx";
				SWIFT_EMIT_LOC_STRINGS = NO;
				SWIFT_VERSION = 5.0;
				TARGETED_DEVICE_FAMILY = "1,2";
				TEST_TARGET_NAME = Wordle;
			};
			name = Release;
		};
/* End XCBuildConfiguration section */

/* Begin XCConfigurationList section */
		96606C9329887BA60045362C /* Build configuration list for PBXProject "Wordle" */ = {
			isa = XCConfigurationList;
			buildConfigurations = (
				96606CBB29887BA90045362C /* Debug */,
				96606CBC29887BA90045362C /* Release */,
			);
			defaultConfigurationIsVisible = 0;
			defaultConfigurationName = Release;
		};
		96606CBD29887BA90045362C /* Build configuration list for PBXNativeTarget "Wordle" */ = {
			isa = XCConfigurationList;
			buildConfigurations = (
				96606CBE29887BA90045362C /* Debug */,
				96606CBF29887BA90045362C /* Release */,
			);
			defaultConfigurationIsVisible = 0;
			defaultConfigurationName = Release;
		};
		96606CC029887BA90045362C /* Build configuration list for PBXNativeTarget "WordleTests" */ = {
			isa = XCConfigurationList;
			buildConfigurations = (
				96606CC129887BA90045362C /* Debug */,
				96606CC229887BA90045362C /* Release */,
			);
			defaultConfigurationIsVisible = 0;
			defaultConfigurationName = Release;
		};
		96606CC329887BA90045362C /* Build configuration list for PBXNativeTarget "WordleUITests" */ = {
			isa = XCConfigurationList;
			buildConfigurations = (
				96606CC429887BA90045362C /* Debug */,
				96606CC529887BA90045362C /* Release */,
			);
			defaultConfigurationIsVisible = 0;
			defaultConfigurationName = Release;
		};
/* End XCConfigurationList section */
	};
	rootObject = 96606C9029887BA60045362C /* Project object */;
}
